
Microsoft Visual Studio Solution File, Format Version 12.00
# Visual Studio 15
VisualStudioVersion = 15.0.28307.329
MinimumVisualStudioVersion = 10.0.40219.1
Project("{9A19103F-16F7-4668-BE54-9A1E7A4F7556}") = "Eagle.NunitHttp", "Eagle.NunitHttp\Eagle.NunitHttp.csproj", "{3ADE4478-41F1-4037-8E4F-9F60E1AEBCC4}"
EndProject
Project("{9A19103F-16F7-4668-BE54-9A1E7A4F7556}") = "EagleAzureFunctionExample", "EagleAzureFunctionExample\EagleAzureFunctionExample.csproj", "{DA7C81A4-4A8F-4F46-B758-02CFD31A603C}"
EndProject
Project("{FAE04EC0-301F-11D3-BF4B-00C04F79EFBC}") = "Eagle.SampleTests", "Eagle.SampleTests\Eagle.SampleTests.csproj", "{04E15C61-FA19-43E8-9C1C-D4058E9A0BB2}"
EndProject
Global
	GlobalSection(SolutionConfigurationPlatforms) = preSolution
		Debug|Any CPU = Debug|Any CPU
		Release|Any CPU = Release|Any CPU
	EndGlobalSection
	GlobalSection(ProjectConfigurationPlatforms) = postSolution
		{3ADE4478-41F1-4037-8E4F-9F60E1AEBCC4}.Debug|Any CPU.ActiveCfg = Debug|Any CPU
		{3ADE4478-41F1-4037-8E4F-9F60E1AEBCC4}.Debug|Any CPU.Build.0 = Debug|Any CPU
		{3ADE4478-41F1-4037-8E4F-9F60E1AEBCC4}.Release|Any CPU.ActiveCfg = Release|Any CPU
		{3ADE4478-41F1-4037-8E4F-9F60E1AEBCC4}.Release|Any CPU.Build.0 = Release|Any CPU
		{DA7C81A4-4A8F-4F46-B758-02CFD31A603C}.Debug|Any CPU.ActiveCfg = Debug|Any CPU
		{DA7C81A4-4A8F-4F46-B758-02CFD31A603C}.Debug|Any CPU.Build.0 = Debug|Any CPU
		{DA7C81A4-4A8F-4F46-B758-02CFD31A603C}.Release|Any CPU.ActiveCfg = Release|Any CPU
		{DA7C81A4-4A8F-4F46-B758-02CFD31A603C}.Release|Any CPU.Build.0 = Release|Any CPU
		{04E15C61-FA19-43E8-9C1C-D4058E9A0BB2}.Debug|Any CPU.ActiveCfg = Debug|Any CPU
		{04E15C61-FA19-43E8-9C1C-D4058E9A0BB2}.Debug|Any CPU.Build.0 = Debug|Any CPU
		{04E15C61-FA19-43E8-9C1C-D4058E9A0BB2}.Release|Any CPU.ActiveCfg = Release|Any CPU
		{04E15C61-FA19-43E8-9C1C-D4058E9A0BB2}.Release|Any CPU.Build.0 = Release|Any CPU
	EndGlobalSection
	GlobalSection(SolutionProperties) = preSolution
		HideSolutionNode = FALSE
	EndGlobalSection
	GlobalSection(ExtensibilityGlobals) = postSolution
		SolutionGuid = {4A194AAC-F88B-4F14-9100-52B392D83A34}
	EndGlobalSection
EndGlobal
